
Microsoft Visual Studio Solution File, Format Version 12.00
# Visual Studio 14
VisualStudioVersion = 14.0.25420.1
MinimumVisualStudioVersion = 10.0.40219.1
Project("{FAE04EC0-301F-11D3-BF4B-00C04F79EFBC}") = "cinema", "cinema\cinema.csproj", "{A7341525-704F-4C40-8D04-ABCBD975CCA6}"
EndProject
Project("{FAE04EC0-301F-11D3-BF4B-00C04F79EFBC}") = "Service.Repository", "Service.Repository\Service.Repository.csproj", "{14501DEA-79AF-497E-AE60-89C3D7383639}"
EndProject
Project("{FAE04EC0-301F-11D3-BF4B-00C04F79EFBC}") = "Service.Places", "Service.Places\Service.Places.csproj", "{78039CF6-E097-4821-87AE-B94AFF45A873}"
EndProject
Global
	GlobalSection(SolutionConfigurationPlatforms) = preSolution
		Debug|Any CPU = Debug|Any CPU
		Release|Any CPU = Release|Any CPU
	EndGlobalSection
	GlobalSection(ProjectConfigurationPlatforms) = postSolution
		{A7341525-704F-4C40-8D04-ABCBD975CCA6}.Debug|Any CPU.ActiveCfg = Debug|Any CPU
		{A7341525-704F-4C40-8D04-ABCBD975CCA6}.Debug|Any CPU.Build.0 = Debug|Any CPU
		{A7341525-704F-4C40-8D04-ABCBD975CCA6}.Release|Any CPU.ActiveCfg = Release|Any CPU
		{A7341525-704F-4C40-8D04-ABCBD975CCA6}.Release|Any CPU.Build.0 = Release|Any CPU
		{14501DEA-79AF-497E-AE60-89C3D7383639}.Debug|Any CPU.ActiveCfg = Debug|Any CPU
		{14501DEA-79AF-497E-AE60-89C3D7383639}.Debug|Any CPU.Build.0 = Debug|Any CPU
		{14501DEA-79AF-497E-AE60-89C3D7383639}.Release|Any CPU.ActiveCfg = Release|Any CPU
		{14501DEA-79AF-497E-AE60-89C3D7383639}.Release|Any CPU.Build.0 = Release|Any CPU
		{78039CF6-E097-4821-87AE-B94AFF45A873}.Debug|Any CPU.ActiveCfg = Debug|Any CPU
		{78039CF6-E097-4821-87AE-B94AFF45A873}.Debug|Any CPU.Build.0 = Debug|Any CPU
		{78039CF6-E097-4821-87AE-B94AFF45A873}.Release|Any CPU.ActiveCfg = Release|Any CPU
		{78039CF6-E097-4821-87AE-B94AFF45A873}.Release|Any CPU.Build.0 = Release|Any CPU
	EndGlobalSection
	GlobalSection(SolutionProperties) = preSolution
		HideSolutionNode = FALSE
	EndGlobalSection
EndGlobal
